// !$*UTF8*$!
{
	archiveVersion = 1;
	classes = {
	};
	objectVersion = 50;
	objects = {

/* Begin PBXBuildFile section */
		B64FE6492404375B00A73816 /* AppNotification.swift in Sources */ = {isa = PBXBuildFile; fileRef = B64FE6482404375B00A73816 /* AppNotification.swift */; };
		B67D297E2405B8EC00A256A1 /* Extentions.swift in Sources */ = {isa = PBXBuildFile; fileRef = B67D297D2405B8EC00A256A1 /* Extentions.swift */; };
		B67D29802405CAB500A256A1 /* Preferences.swift in Sources */ = {isa = PBXBuildFile; fileRef = B67D297F2405CAB500A256A1 /* Preferences.swift */; };
		B694AB04240DAB87009D3368 /* Observable.swift in Sources */ = {isa = PBXBuildFile; fileRef = B694AB03240DAB87009D3368 /* Observable.swift */; };
		B694AB06240EB4BA009D3368 /* MainViewModel.swift in Sources */ = {isa = PBXBuildFile; fileRef = B694AB05240EB4BA009D3368 /* MainViewModel.swift */; };
		B69F2EBD24047AE1003F7BD0 /* Localizable.strings in Resources */ = {isa = PBXBuildFile; fileRef = B69F2EBF24047AE1003F7BD0 /* Localizable.strings */; };
		B6BFAD352406EF12008E51E2 /* Constants.swift in Sources */ = {isa = PBXBuildFile; fileRef = B6BFAD342406EF12008E51E2 /* Constants.swift */; };
		B6FC9FAA2403F088003FFC58 /* AppDelegate.swift in Sources */ = {isa = PBXBuildFile; fileRef = B6FC9FA92403F088003FFC58 /* AppDelegate.swift */; };
		B6FC9FAC2403F088003FFC58 /* MainView.swift in Sources */ = {isa = PBXBuildFile; fileRef = B6FC9FAB2403F088003FFC58 /* MainView.swift */; };
		B6FC9FAE2403F089003FFC58 /* Assets.xcassets in Resources */ = {isa = PBXBuildFile; fileRef = B6FC9FAD2403F089003FFC58 /* Assets.xcassets */; };
		B6FC9FB12403F089003FFC58 /* Preview Assets.xcassets in Resources */ = {isa = PBXBuildFile; fileRef = B6FC9FB02403F089003FFC58 /* Preview Assets.xcassets */; };
		B6FC9FB42403F089003FFC58 /* Main.storyboard in Resources */ = {isa = PBXBuildFile; fileRef = B6FC9FB22403F089003FFC58 /* Main.storyboard */; };
/* End PBXBuildFile section */

/* Begin PBXFileReference section */
		B64FE6482404375B00A73816 /* AppNotification.swift */ = {isa = PBXFileReference; lastKnownFileType = sourcecode.swift; path = AppNotification.swift; sourceTree = "<group>"; };
		B67D297D2405B8EC00A256A1 /* Extentions.swift */ = {isa = PBXFileReference; lastKnownFileType = sourcecode.swift; path = Extentions.swift; sourceTree = "<group>"; };
		B67D297F2405CAB500A256A1 /* Preferences.swift */ = {isa = PBXFileReference; lastKnownFileType = sourcecode.swift; path = Preferences.swift; sourceTree = "<group>"; };
		B694AB03240DAB87009D3368 /* Observable.swift */ = {isa = PBXFileReference; lastKnownFileType = sourcecode.swift; path = Observable.swift; sourceTree = "<group>"; };
		B694AB05240EB4BA009D3368 /* MainViewModel.swift */ = {isa = PBXFileReference; lastKnownFileType = sourcecode.swift; path = MainViewModel.swift; sourceTree = "<group>"; };
		B69F2EBE24047AE1003F7BD0 /* en */ = {isa = PBXFileReference; lastKnownFileType = text.plist.strings; name = en; path = en.lproj/Localizable.strings; sourceTree = "<group>"; };
		B69F2EC024047AE5003F7BD0 /* uk */ = {isa = PBXFileReference; lastKnownFileType = text.plist.strings; name = uk; path = uk.lproj/Localizable.strings; sourceTree = "<group>"; };
		B6BFAD342406EF12008E51E2 /* Constants.swift */ = {isa = PBXFileReference; lastKnownFileType = sourcecode.swift; path = Constants.swift; sourceTree = "<group>"; };
		B6FC9FA62403F088003FFC58 /* SaveMyEyes.app */ = {isa = PBXFileReference; explicitFileType = wrapper.application; includeInIndex = 0; path = SaveMyEyes.app; sourceTree = BUILT_PRODUCTS_DIR; };
		B6FC9FA92403F088003FFC58 /* AppDelegate.swift */ = {isa = PBXFileReference; lastKnownFileType = sourcecode.swift; path = AppDelegate.swift; sourceTree = "<group>"; };
		B6FC9FAB2403F088003FFC58 /* MainView.swift */ = {isa = PBXFileReference; lastKnownFileType = sourcecode.swift; path = MainView.swift; sourceTree = "<group>"; };
		B6FC9FAD2403F089003FFC58 /* Assets.xcassets */ = {isa = PBXFileReference; lastKnownFileType = folder.assetcatalog; path = Assets.xcassets; sourceTree = "<group>"; };
		B6FC9FB02403F089003FFC58 /* Preview Assets.xcassets */ = {isa = PBXFileReference; lastKnownFileType = folder.assetcatalog; path = "Preview Assets.xcassets"; sourceTree = "<group>"; };
		B6FC9FB32403F089003FFC58 /* Base */ = {isa = PBXFileReference; lastKnownFileType = file.storyboard; name = Base; path = Base.lproj/Main.storyboard; sourceTree = "<group>"; };
		B6FC9FB52403F089003FFC58 /* Info.plist */ = {isa = PBXFileReference; lastKnownFileType = text.plist.xml; path = Info.plist; sourceTree = "<group>"; };
		B6FC9FB62403F089003FFC58 /* SaveMyEyes.entitlements */ = {isa = PBXFileReference; lastKnownFileType = text.plist.entitlements; path = SaveMyEyes.entitlements; sourceTree = "<group>"; };
/* End PBXFileReference section */

/* Begin PBXFrameworksBuildPhase section */
		B6FC9FA32403F088003FFC58 /* Frameworks */ = {
			isa = PBXFrameworksBuildPhase;
			buildActionMask = 2147483647;
			files = (
			);
			runOnlyForDeploymentPostprocessing = 0;
		};
/* End PBXFrameworksBuildPhase section */

/* Begin PBXGroup section */
		B69F2EC1240487C1003F7BD0 /* Startup */ = {
			isa = PBXGroup;
			children = (
				B6FC9FB22403F089003FFC58 /* Main.storyboard */,
				B6FC9FA92403F088003FFC58 /* AppDelegate.swift */,
			);
			path = Startup;
			sourceTree = "<group>";
		};
		B69F2EC2240487DD003F7BD0 /* Main */ = {
			isa = PBXGroup;
			children = (
				B6FC9FAB2403F088003FFC58 /* MainView.swift */,
				B694AB05240EB4BA009D3368 /* MainViewModel.swift */,
			);
			path = Main;
			sourceTree = "<group>";
		};
		B6F306CD240EBB6400060007 /* Common */ = {
			isa = PBXGroup;
			children = (
				B67D297D2405B8EC00A256A1 /* Extentions.swift */,
				B694AB03240DAB87009D3368 /* Observable.swift */,
				B6BFAD342406EF12008E51E2 /* Constants.swift */,
				B67D297F2405CAB500A256A1 /* Preferences.swift */,
				B64FE6482404375B00A73816 /* AppNotification.swift */,
			);
			path = Common;
			sourceTree = "<group>";
		};
		B6FC9F9D2403F088003FFC58 = {
			isa = PBXGroup;
			children = (
				B6FC9FA82403F088003FFC58 /* SaveMyEyes */,
				B6FC9FA72403F088003FFC58 /* Products */,
			);
			sourceTree = "<group>";
		};
		B6FC9FA72403F088003FFC58 /* Products */ = {
			isa = PBXGroup;
			children = (
				B6FC9FA62403F088003FFC58 /* SaveMyEyes.app */,
			);
			name = Products;
			sourceTree = "<group>";
		};
		B6FC9FA82403F088003FFC58 /* SaveMyEyes */ = {
			isa = PBXGroup;
			children = (
				B6FC9FBC2403F18D003FFC58 /* Source */,
				B6FC9FAD2403F089003FFC58 /* Assets.xcassets */,
				B6FC9FB52403F089003FFC58 /* Info.plist */,
				B6FC9FB62403F089003FFC58 /* SaveMyEyes.entitlements */,
				B6FC9FAF2403F089003FFC58 /* Preview Content */,
				B69F2EBF24047AE1003F7BD0 /* Localizable.strings */,
			);
			path = SaveMyEyes;
			sourceTree = "<group>";
		};
		B6FC9FAF2403F089003FFC58 /* Preview Content */ = {
			isa = PBXGroup;
			children = (
				B6FC9FB02403F089003FFC58 /* Preview Assets.xcassets */,
			);
			path = "Preview Content";
			sourceTree = "<group>";
		};
		B6FC9FBC2403F18D003FFC58 /* Source */ = {
			isa = PBXGroup;
			children = (
				B6F306CD240EBB6400060007 /* Common */,
				B69F2EC2240487DD003F7BD0 /* Main */,
				B69F2EC1240487C1003F7BD0 /* Startup */,
			);
			path = Source;
			sourceTree = "<group>";
		};
/* End PBXGroup section */

/* Begin PBXNativeTarget section */
		B6FC9FA52403F088003FFC58 /* SaveMyEyes */ = {
			isa = PBXNativeTarget;
			buildConfigurationList = B6FC9FB92403F089003FFC58 /* Build configuration list for PBXNativeTarget "SaveMyEyes" */;
			buildPhases = (
				B6FC9FA22403F088003FFC58 /* Sources */,
				B6FC9FA32403F088003FFC58 /* Frameworks */,
				B6FC9FA42403F088003FFC58 /* Resources */,
			);
			buildRules = (
			);
			dependencies = (
			);
			name = SaveMyEyes;
			productName = SaveMyEyes;
			productReference = B6FC9FA62403F088003FFC58 /* SaveMyEyes.app */;
			productType = "com.apple.product-type.application";
		};
/* End PBXNativeTarget section */

/* Begin PBXProject section */
		B6FC9F9E2403F088003FFC58 /* Project object */ = {
			isa = PBXProject;
			attributes = {
				LastSwiftUpdateCheck = 1130;
				LastUpgradeCheck = 1130;
				ORGANIZATIONNAME = "Max Omelchenko";
				TargetAttributes = {
					B6FC9FA52403F088003FFC58 = {
						CreatedOnToolsVersion = 11.3.1;
					};
				};
			};
			buildConfigurationList = B6FC9FA12403F088003FFC58 /* Build configuration list for PBXProject "SaveMyEyes" */;
			compatibilityVersion = "Xcode 9.3";
			developmentRegion = en;
			hasScannedForEncodings = 0;
			knownRegions = (
				en,
				Base,
				uk,
			);
			mainGroup = B6FC9F9D2403F088003FFC58;
			productRefGroup = B6FC9FA72403F088003FFC58 /* Products */;
			projectDirPath = "";
			projectRoot = "";
			targets = (
				B6FC9FA52403F088003FFC58 /* SaveMyEyes */,
			);
		};
/* End PBXProject section */

/* Begin PBXResourcesBuildPhase section */
		B6FC9FA42403F088003FFC58 /* Resources */ = {
			isa = PBXResourcesBuildPhase;
			buildActionMask = 2147483647;
			files = (
				B6FC9FB42403F089003FFC58 /* Main.storyboard in Resources */,
				B69F2EBD24047AE1003F7BD0 /* Localizable.strings in Resources */,
				B6FC9FB12403F089003FFC58 /* Preview Assets.xcassets in Resources */,
				B6FC9FAE2403F089003FFC58 /* Assets.xcassets in Resources */,
			);
			runOnlyForDeploymentPostprocessing = 0;
		};
/* End PBXResourcesBuildPhase section */

/* Begin PBXSourcesBuildPhase section */
		B6FC9FA22403F088003FFC58 /* Sources */ = {
			isa = PBXSourcesBuildPhase;
			buildActionMask = 2147483647;
			files = (
				B67D29802405CAB500A256A1 /* Preferences.swift in Sources */,
				B67D297E2405B8EC00A256A1 /* Extentions.swift in Sources */,
				B6FC9FAC2403F088003FFC58 /* MainView.swift in Sources */,
				B694AB04240DAB87009D3368 /* Observable.swift in Sources */,
				B6FC9FAA2403F088003FFC58 /* AppDelegate.swift in Sources */,
				B64FE6492404375B00A73816 /* AppNotification.swift in Sources */,
				B6BFAD352406EF12008E51E2 /* Constants.swift in Sources */,
				B694AB06240EB4BA009D3368 /* MainViewModel.swift in Sources */,
			);
			runOnlyForDeploymentPostprocessing = 0;
		};
/* End PBXSourcesBuildPhase section */

/* Begin PBXVariantGroup section */
		B69F2EBF24047AE1003F7BD0 /* Localizable.strings */ = {
			isa = PBXVariantGroup;
			children = (
				B69F2EBE24047AE1003F7BD0 /* en */,
				B69F2EC024047AE5003F7BD0 /* uk */,
			);
			name = Localizable.strings;
			sourceTree = "<group>";
		};
		B6FC9FB22403F089003FFC58 /* Main.storyboard */ = {
			isa = PBXVariantGroup;
			children = (
				B6FC9FB32403F089003FFC58 /* Base */,
			);
			name = Main.storyboard;
			sourceTree = "<group>";
		};
/* End PBXVariantGroup section */

/* Begin XCBuildConfiguration section */
		B6FC9FB72403F089003FFC58 /* Debug */ = {
			isa = XCBuildConfiguration;
			buildSettings = {
				ALWAYS_SEARCH_USER_PATHS = NO;
				CLANG_ANALYZER_LOCALIZABILITY_NONLOCALIZED = YES;
				CLANG_ANALYZER_NONNULL = YES;
				CLANG_ANALYZER_NUMBER_OBJECT_CONVERSION = YES_AGGRESSIVE;
				CLANG_CXX_LANGUAGE_STANDARD = "gnu++14";
				CLANG_CXX_LIBRARY = "libc++";
				CLANG_ENABLE_MODULES = YES;
				CLANG_ENABLE_OBJC_ARC = YES;
				CLANG_ENABLE_OBJC_WEAK = YES;
				CLANG_WARN_BLOCK_CAPTURE_AUTORELEASING = YES;
				CLANG_WARN_BOOL_CONVERSION = YES;
				CLANG_WARN_COMMA = YES;
				CLANG_WARN_CONSTANT_CONVERSION = YES;
				CLANG_WARN_DEPRECATED_OBJC_IMPLEMENTATIONS = YES;
				CLANG_WARN_DIRECT_OBJC_ISA_USAGE = YES_ERROR;
				CLANG_WARN_DOCUMENTATION_COMMENTS = YES;
				CLANG_WARN_EMPTY_BODY = YES;
				CLANG_WARN_ENUM_CONVERSION = YES;
				CLANG_WARN_INFINITE_RECURSION = YES;
				CLANG_WARN_INT_CONVERSION = YES;
				CLANG_WARN_NON_LITERAL_NULL_CONVERSION = YES;
				CLANG_WARN_OBJC_IMPLICIT_RETAIN_SELF = YES;
				CLANG_WARN_OBJC_LITERAL_CONVERSION = YES;
				CLANG_WARN_OBJC_ROOT_CLASS = YES_ERROR;
				CLANG_WARN_RANGE_LOOP_ANALYSIS = YES;
				CLANG_WARN_STRICT_PROTOTYPES = YES;
				CLANG_WARN_SUSPICIOUS_MOVE = YES;
				CLANG_WARN_UNGUARDED_AVAILABILITY = YES_AGGRESSIVE;
				CLANG_WARN_UNREACHABLE_CODE = YES;
				CLANG_WARN__DUPLICATE_METHOD_MATCH = YES;
				COPY_PHASE_STRIP = NO;
				DEBUG_INFORMATION_FORMAT = dwarf;
				ENABLE_STRICT_OBJC_MSGSEND = YES;
				ENABLE_TESTABILITY = YES;
				GCC_C_LANGUAGE_STANDARD = gnu11;
				GCC_DYNAMIC_NO_PIC = NO;
				GCC_NO_COMMON_BLOCKS = YES;
				GCC_OPTIMIZATION_LEVEL = 0;
				GCC_PREPROCESSOR_DEFINITIONS = (
					"DEBUG=1",
					"$(inherited)",
				);
				GCC_WARN_64_TO_32_BIT_CONVERSION = YES;
				GCC_WARN_ABOUT_RETURN_TYPE = YES_ERROR;
				GCC_WARN_UNDECLARED_SELECTOR = YES;
				GCC_WARN_UNINITIALIZED_AUTOS = YES_AGGRESSIVE;
				GCC_WARN_UNUSED_FUNCTION = YES;
				GCC_WARN_UNUSED_VARIABLE = YES;
				MACOSX_DEPLOYMENT_TARGET = 10.15;
				MTL_ENABLE_DEBUG_INFO = INCLUDE_SOURCE;
				MTL_FAST_MATH = YES;
				ONLY_ACTIVE_ARCH = YES;
				SDKROOT = macosx;
				SWIFT_ACTIVE_COMPILATION_CONDITIONS = DEBUG;
				SWIFT_OPTIMIZATION_LEVEL = "-Onone";
			};
			name = Debug;
		};
		B6FC9FB82403F089003FFC58 /* Release */ = {
			isa = XCBuildConfiguration;
			buildSettings = {
				ALWAYS_SEARCH_USER_PATHS = NO;
				CLANG_ANALYZER_LOCALIZABILITY_NONLOCALIZED = YES;
				CLANG_ANALYZER_NONNULL = YES;
				CLANG_ANALYZER_NUMBER_OBJECT_CONVERSION = YES_AGGRESSIVE;
				CLANG_CXX_LANGUAGE_STANDARD = "gnu++14";
				CLANG_CXX_LIBRARY = "libc++";
				CLANG_ENABLE_MODULES = YES;
				CLANG_ENABLE_OBJC_ARC = YES;
				CLANG_ENABLE_OBJC_WEAK = YES;
				CLANG_WARN_BLOCK_CAPTURE_AUTORELEASING = YES;
				CLANG_WARN_BOOL_CONVERSION = YES;
				CLANG_WARN_COMMA = YES;
				CLANG_WARN_CONSTANT_CONVERSION = YES;
				CLANG_WARN_DEPRECATED_OBJC_IMPLEMENTATIONS = YES;
				CLANG_WARN_DIRECT_OBJC_ISA_USAGE = YES_ERROR;
				CLANG_WARN_DOCUMENTATION_COMMENTS = YES;
				CLANG_WARN_EMPTY_BODY = YES;
				CLANG_WARN_ENUM_CONVERSION = YES;
				CLANG_WARN_INFINITE_RECURSION = YES;
				CLANG_WARN_INT_CONVERSION = YES;
				CLANG_WARN_NON_LITERAL_NULL_CONVERSION = YES;
				CLANG_WARN_OBJC_IMPLICIT_RETAIN_SELF = YES;
				CLANG_WARN_OBJC_LITERAL_CONVERSION = YES;
				CLANG_WARN_OBJC_ROOT_CLASS = YES_ERROR;
				CLANG_WARN_RANGE_LOOP_ANALYSIS = YES;
				CLANG_WARN_STRICT_PROTOTYPES = YES;
				CLANG_WARN_SUSPICIOUS_MOVE = YES;
				CLANG_WARN_UNGUARDED_AVAILABILITY = YES_AGGRESSIVE;
				CLANG_WARN_UNREACHABLE_CODE = YES;
				CLANG_WARN__DUPLICATE_METHOD_MATCH = YES;
				COPY_PHASE_STRIP = NO;
				DEBUG_INFORMATION_FORMAT = "dwarf-with-dsym";
				ENABLE_NS_ASSERTIONS = NO;
				ENABLE_STRICT_OBJC_MSGSEND = YES;
				GCC_C_LANGUAGE_STANDARD = gnu11;
				GCC_NO_COMMON_BLOCKS = YES;
				GCC_WARN_64_TO_32_BIT_CONVERSION = YES;
				GCC_WARN_ABOUT_RETURN_TYPE = YES_ERROR;
				GCC_WARN_UNDECLARED_SELECTOR = YES;
				GCC_WARN_UNINITIALIZED_AUTOS = YES_AGGRESSIVE;
				GCC_WARN_UNUSED_FUNCTION = YES;
				GCC_WARN_UNUSED_VARIABLE = YES;
				MACOSX_DEPLOYMENT_TARGET = 10.15;
				MTL_ENABLE_DEBUG_INFO = NO;
				MTL_FAST_MATH = YES;
				SDKROOT = macosx;
				SWIFT_COMPILATION_MODE = wholemodule;
				SWIFT_OPTIMIZATION_LEVEL = "-O";
			};
			name = Release;
		};
		B6FC9FBA2403F089003FFC58 /* Debug */ = {
			isa = XCBuildConfiguration;
			buildSettings = {
				ASSETCATALOG_COMPILER_APPICON_NAME = AppIcon;
				CODE_SIGN_ENTITLEMENTS = SaveMyEyes/SaveMyEyes.entitlements;
				CODE_SIGN_IDENTITY = "Apple Development";
				CODE_SIGN_STYLE = Automatic;
				COMBINE_HIDPI_IMAGES = YES;
				CURRENT_PROJECT_VERSION = 13;
				DEVELOPMENT_ASSET_PATHS = "\"SaveMyEyes/Preview Content\"";
				DEVELOPMENT_TEAM = 5PYHR2J538;
				ENABLE_HARDENED_RUNTIME = YES;
				ENABLE_PREVIEWS = YES;
				INFOPLIST_FILE = SaveMyEyes/Info.plist;
				LD_RUNPATH_SEARCH_PATHS = (
					"$(inherited)",
					"@executable_path/../Frameworks",
				);
				MACOSX_DEPLOYMENT_TARGET = 10.15;
				MARKETING_VERSION = 0.2;
				PRODUCT_BUNDLE_IDENTIFIER = com.masich.SaveMyEyes;
				PRODUCT_NAME = "$(TARGET_NAME)";
				SWIFT_VERSION = 5.0;
			};
			name = Debug;
		};
		B6FC9FBB2403F089003FFC58 /* Release */ = {
			isa = XCBuildConfiguration;
			buildSettings = {
				ASSETCATALOG_COMPILER_APPICON_NAME = AppIcon;
				CODE_SIGN_ENTITLEMENTS = SaveMyEyes/SaveMyEyes.entitlements;
				CODE_SIGN_IDENTITY = "Apple Development";
				CODE_SIGN_STYLE = Automatic;
				COMBINE_HIDPI_IMAGES = YES;
				CURRENT_PROJECT_VERSION = 13;
				DEVELOPMENT_ASSET_PATHS = "\"SaveMyEyes/Preview Content\"";
				DEVELOPMENT_TEAM = 5PYHR2J538;
				ENABLE_HARDENED_RUNTIME = YES;
				ENABLE_PREVIEWS = YES;
				INFOPLIST_FILE = SaveMyEyes/Info.plist;
				LD_RUNPATH_SEARCH_PATHS = (
					"$(inherited)",
					"@executable_path/../Frameworks",
				);
				MACOSX_DEPLOYMENT_TARGET = 10.15;
				MARKETING_VERSION = 0.2;
				PRODUCT_BUNDLE_IDENTIFIER = com.masich.SaveMyEyes;
				PRODUCT_NAME = "$(TARGET_NAME)";
				SWIFT_VERSION = 5.0;
			};
			name = Release;
		};
/* End XCBuildConfiguration section */

/* Begin XCConfigurationList section */
		B6FC9FA12403F088003FFC58 /* Build configuration list for PBXProject "SaveMyEyes" */ = {
			isa = XCConfigurationList;
			buildConfigurations = (
				B6FC9FB72403F089003FFC58 /* Debug */,
				B6FC9FB82403F089003FFC58 /* Release */,
			);
			defaultConfigurationIsVisible = 0;
			defaultConfigurationName = Release;
		};
		B6FC9FB92403F089003FFC58 /* Build configuration list for PBXNativeTarget "SaveMyEyes" */ = {
			isa = XCConfigurationList;
			buildConfigurations = (
				B6FC9FBA2403F089003FFC58 /* Debug */,
				B6FC9FBB2403F089003FFC58 /* Release */,
			);
			defaultConfigurationIsVisible = 0;
			defaultConfigurationName = Release;
		};
/* End XCConfigurationList section */
	};
	rootObject = B6FC9F9E2403F088003FFC58 /* Project object */;
}
